
Microsoft Visual Studio Solution File, Format Version 12.00
# Visual Studio 15
VisualStudioVersion = 15.0.28307.1209
MinimumVisualStudioVersion = 10.0.40219.1
Project("{FAE04EC0-301F-11D3-BF4B-00C04F79EFBC}") = "ITech", "ITech\ITech.csproj", "{25C8AF33-4E39-40CE-9758-D7C3D96EC9CA}"
EndProject
Global
	GlobalSection(SolutionConfigurationPlatforms) = preSolution
		Debug|Any CPU = Debug|Any CPU
		Release|Any CPU = Release|Any CPU
	EndGlobalSection
	GlobalSection(ProjectConfigurationPlatforms) = postSolution
		{25C8AF33-4E39-40CE-9758-D7C3D96EC9CA}.Debug|Any CPU.ActiveCfg = Debug|Any CPU
		{25C8AF33-4E39-40CE-9758-D7C3D96EC9CA}.Debug|Any CPU.Build.0 = Debug|Any CPU
		{25C8AF33-4E39-40CE-9758-D7C3D96EC9CA}.Release|Any CPU.ActiveCfg = Release|Any CPU
		{25C8AF33-4E39-40CE-9758-D7C3D96EC9CA}.Release|Any CPU.Build.0 = Release|Any CPU
	EndGlobalSection
	GlobalSection(SolutionProperties) = preSolution
		HideSolutionNode = FALSE
	EndGlobalSection
	GlobalSection(ExtensibilityGlobals) = postSolution
		SolutionGuid = {866F42FC-1E01-435A-8038-59A1F09A4155}
	EndGlobalSection
EndGlobal
